
Microsoft Visual Studio Solution File, Format Version 12.00
# Visual Studio 15
VisualStudioVersion = 15.0.27703.2026
MinimumVisualStudioVersion = 10.0.40219.1
Project("{8BC9CEB8-8B4A-11D0-8D11-00A0C91BC942}") = "Q1", "Q1\Q1.vcxproj", "{06854FEA-53E8-44DB-9B40-C933A7E9652F}"
EndProject
Project("{8BC9CEB8-8B4A-11D0-8D11-00A0C91BC942}") = "Q3", "Q3\Q3.vcxproj", "{3DC883CE-034C-4139-A076-11FE44DF0BB6}"
EndProject
Project("{8BC9CEB8-8B4A-11D0-8D11-00A0C91BC942}") = "Q4", "Q4\Q4.vcxproj", "{9E5E9A72-F329-4AC6-B2BA-348B99C552FD}"
EndProject
Project("{8BC9CEB8-8B4A-11D0-8D11-00A0C91BC942}") = "Q2", "Q2\Q2.vcxproj", "{7AAB6926-C4FB-44A4-BB04-6CA39BFEB4E8}"
EndProject
Project("{8BC9CEB8-8B4A-11D0-8D11-00A0C91BC942}") = "Q5", "Q5\Q5.vcxproj", "{F12D41B9-5842-447C-9D9C-A6DB020A43B9}"
EndProject
Project("{8BC9CEB8-8B4A-11D0-8D11-00A0C91BC942}") = "Q6", "Q6\Q6.vcxproj", "{68A1685F-2423-4743-B104-242544B7C33B}"
EndProject
Project("{8BC9CEB8-8B4A-11D0-8D11-00A0C91BC942}") = "Q7", "Q7\Q7.vcxproj", "{71A71E1F-0AEE-4F9E-A699-833107604A9C}"
EndProject
Project("{8BC9CEB8-8B4A-11D0-8D11-00A0C91BC942}") = "Q8", "Q8\Q8.vcxproj", "{7F7D47E5-498E-4353-8D63-741418C54FF5}"
EndProject
Project("{2150E333-8FDC-42A3-9474-1A3956D46DE8}") = "Solution Items", "Solution Items", "{1653A8BC-50D3-405E-8464-832B8293049E}"
	ProjectSection(SolutionItems) = preProject
		..\..\..\Downloads\150013-final-exam-moedA.pdf = ..\..\..\Downloads\150013-final-exam-moedA.pdf
	EndProjectSection
EndProject
Global
	GlobalSection(SolutionConfigurationPlatforms) = preSolution
		Debug|x64 = Debug|x64
		Debug|x86 = Debug|x86
		Release|x64 = Release|x64
		Release|x86 = Release|x86
	EndGlobalSection
	GlobalSection(ProjectConfigurationPlatforms) = postSolution
		{06854FEA-53E8-44DB-9B40-C933A7E9652F}.Debug|x64.ActiveCfg = Debug|x64
		{06854FEA-53E8-44DB-9B40-C933A7E9652F}.Debug|x64.Build.0 = Debug|x64
		{06854FEA-53E8-44DB-9B40-C933A7E9652F}.Debug|x86.ActiveCfg = Debug|Win32
		{06854FEA-53E8-44DB-9B40-C933A7E9652F}.Debug|x86.Build.0 = Debug|Win32
		{06854FEA-53E8-44DB-9B40-C933A7E9652F}.Release|x64.ActiveCfg = Release|x64
		{06854FEA-53E8-44DB-9B40-C933A7E9652F}.Release|x64.Build.0 = Release|x64
		{06854FEA-53E8-44DB-9B40-C933A7E9652F}.Release|x86.ActiveCfg = Release|Win32
		{06854FEA-53E8-44DB-9B40-C933A7E9652F}.Release|x86.Build.0 = Release|Win32
		{3DC883CE-034C-4139-A076-11FE44DF0BB6}.Debug|x64.ActiveCfg = Debug|x64
		{3DC883CE-034C-4139-A076-11FE44DF0BB6}.Debug|x64.Build.0 = Debug|x64
		{3DC883CE-034C-4139-A076-11FE44DF0BB6}.Debug|x86.ActiveCfg = Debug|Win32
		{3DC883CE-034C-4139-A076-11FE44DF0BB6}.Debug|x86.Build.0 = Debug|Win32
		{3DC883CE-034C-4139-A076-11FE44DF0BB6}.Release|x64.ActiveCfg = Release|x64
		{3DC883CE-034C-4139-A076-11FE44DF0BB6}.Release|x64.Build.0 = Release|x64
		{3DC883CE-034C-4139-A076-11FE44DF0BB6}.Release|x86.ActiveCfg = Release|Win32
		{3DC883CE-034C-4139-A076-11FE44DF0BB6}.Release|x86.Build.0 = Release|Win32
		{9E5E9A72-F329-4AC6-B2BA-348B99C552FD}.Debug|x64.ActiveCfg = Debug|x64
		{9E5E9A72-F329-4AC6-B2BA-348B99C552FD}.Debug|x64.Build.0 = Debug|x64
		{9E5E9A72-F329-4AC6-B2BA-348B99C552FD}.Debug|x86.ActiveCfg = Debug|Win32
		{9E5E9A72-F329-4AC6-B2BA-348B99C552FD}.Debug|x86.Build.0 = Debug|Win32
		{9E5E9A72-F329-4AC6-B2BA-348B99C552FD}.Release|x64.ActiveCfg = Release|x64
		{9E5E9A72-F329-4AC6-B2BA-348B99C552FD}.Release|x64.Build.0 = Release|x64
		{9E5E9A72-F329-4AC6-B2BA-348B99C552FD}.Release|x86.ActiveCfg = Release|Win32
		{9E5E9A72-F329-4AC6-B2BA-348B99C552FD}.Release|x86.Build.0 = Release|Win32
		{7AAB6926-C4FB-44A4-BB04-6CA39BFEB4E8}.Debug|x64.ActiveCfg = Debug|x64
		{7AAB6926-C4FB-44A4-BB04-6CA39BFEB4E8}.Debug|x64.Build.0 = Debug|x64
		{7AAB6926-C4FB-44A4-BB04-6CA39BFEB4E8}.Debug|x86.ActiveCfg = Debug|Win32
		{7AAB6926-C4FB-44A4-BB04-6CA39BFEB4E8}.Debug|x86.Build.0 = Debug|Win32
		{7AAB6926-C4FB-44A4-BB04-6CA39BFEB4E8}.Release|x64.ActiveCfg = Release|x64
		{7AAB6926-C4FB-44A4-BB04-6CA39BFEB4E8}.Release|x64.Build.0 = Release|x64
		{7AAB6926-C4FB-44A4-BB04-6CA39BFEB4E8}.Release|x86.ActiveCfg = Release|Win32
		{7AAB6926-C4FB-44A4-BB04-6CA39BFEB4E8}.Release|x86.Build.0 = Release|Win32
		{F12D41B9-5842-447C-9D9C-A6DB020A43B9}.Debug|x64.ActiveCfg = Debug|x64
		{F12D41B9-5842-447C-9D9C-A6DB020A43B9}.Debug|x64.Build.0 = Debug|x64
		{F12D41B9-5842-447C-9D9C-A6DB020A43B9}.Debug|x86.ActiveCfg = Debug|Win32
		{F12D41B9-5842-447C-9D9C-A6DB020A43B9}.Debug|x86.Build.0 = Debug|Win32
		{F12D41B9-5842-447C-9D9C-A6DB020A43B9}.Release|x64.ActiveCfg = Release|x64
		{F12D41B9-5842-447C-9D9C-A6DB020A43B9}.Release|x64.Build.0 = Release|x64
		{F12D41B9-5842-447C-9D9C-A6DB020A43B9}.Release|x86.ActiveCfg = Release|Win32
		{F12D41B9-5842-447C-9D9C-A6DB020A43B9}.Release|x86.Build.0 = Release|Win32
		{68A1685F-2423-4743-B104-242544B7C33B}.Debug|x64.ActiveCfg = Debug|x64
		{68A1685F-2423-4743-B104-242544B7C33B}.Debug|x64.Build.0 = Debug|x64
		{68A1685F-2423-4743-B104-242544B7C33B}.Debug|x86.ActiveCfg = Debug|Win32
		{68A1685F-2423-4743-B104-242544B7C33B}.Debug|x86.Build.0 = Debug|Win32
		{68A1685F-2423-4743-B104-242544B7C33B}.Release|x64.ActiveCfg = Release|x64
		{68A1685F-2423-4743-B104-242544B7C33B}.Release|x64.Build.0 = Release|x64
		{68A1685F-2423-4743-B104-242544B7C33B}.Release|x86.ActiveCfg = Release|Win32
		{68A1685F-2423-4743-B104-242544B7C33B}.Release|x86.Build.0 = Release|Win32
		{71A71E1F-0AEE-4F9E-A699-833107604A9C}.Debug|x64.ActiveCfg = Debug|x64
		{71A71E1F-0AEE-4F9E-A699-833107604A9C}.Debug|x64.Build.0 = Debug|x64
		{71A71E1F-0AEE-4F9E-A699-833107604A9C}.Debug|x86.ActiveCfg = Debug|Win32
		{71A71E1F-0AEE-4F9E-A699-833107604A9C}.Debug|x86.Build.0 = Debug|Win32
		{71A71E1F-0AEE-4F9E-A699-833107604A9C}.Release|x64.ActiveCfg = Release|x64
		{71A71E1F-0AEE-4F9E-A699-833107604A9C}.Release|x64.Build.0 = Release|x64
		{71A71E1F-0AEE-4F9E-A699-833107604A9C}.Release|x86.ActiveCfg = Release|Win32
		{71A71E1F-0AEE-4F9E-A699-833107604A9C}.Release|x86.Build.0 = Release|Win32
		{7F7D47E5-498E-4353-8D63-741418C54FF5}.Debug|x64.ActiveCfg = Debug|x64
		{7F7D47E5-498E-4353-8D63-741418C54FF5}.Debug|x64.Build.0 = Debug|x64
		{7F7D47E5-498E-4353-8D63-741418C54FF5}.Debug|x86.ActiveCfg = Debug|Win32
		{7F7D47E5-498E-4353-8D63-741418C54FF5}.Debug|x86.Build.0 = Debug|Win32
		{7F7D47E5-498E-4353-8D63-741418C54FF5}.Release|x64.ActiveCfg = Release|x64
		{7F7D47E5-498E-4353-8D63-741418C54FF5}.Release|x64.Build.0 = Release|x64
		{7F7D47E5-498E-4353-8D63-741418C54FF5}.Release|x86.ActiveCfg = Release|Win32
		{7F7D47E5-498E-4353-8D63-741418C54FF5}.Release|x86.Build.0 = Release|Win32
	EndGlobalSection
	GlobalSection(SolutionProperties) = preSolution
		HideSolutionNode = FALSE
	EndGlobalSection
	GlobalSection(ExtensibilityGlobals) = postSolution
		SolutionGuid = {6CD32449-6300-422D-95CE-30267A0CFE32}
	EndGlobalSection
EndGlobal
